// !$*UTF8*$!
{
	archiveVersion = 1;
	classes = {
	};
	objectVersion = 46;
	objects = {

/* Begin PBXBuildFile section */
		C0480D921A399F8E008E5C2F /* AppDelegate.swift in Sources */ = {isa = PBXBuildFile; fileRef = C0480D911A399F8E008E5C2F /* AppDelegate.swift */; };
		C0480D941A399F8E008E5C2F /* ViewController.swift in Sources */ = {isa = PBXBuildFile; fileRef = C0480D931A399F8E008E5C2F /* ViewController.swift */; };
		C0480D971A399F8E008E5C2F /* Main.storyboard in Resources */ = {isa = PBXBuildFile; fileRef = C0480D951A399F8E008E5C2F /* Main.storyboard */; };
		C0480D991A399F8E008E5C2F /* Images.xcassets in Resources */ = {isa = PBXBuildFile; fileRef = C0480D981A399F8E008E5C2F /* Images.xcassets */; };
		C0480D9C1A399F8E008E5C2F /* LaunchScreen.xib in Resources */ = {isa = PBXBuildFile; fileRef = C0480D9A1A399F8E008E5C2F /* LaunchScreen.xib */; };
		C0480DA81A399F8E008E5C2F /* Shopping_AlertTests.swift in Sources */ = {isa = PBXBuildFile; fileRef = C0480DA71A399F8E008E5C2F /* Shopping_AlertTests.swift */; };
/* End PBXBuildFile section */

/* Begin PBXContainerItemProxy section */
		C0480DA21A399F8E008E5C2F /* PBXContainerItemProxy */ = {
			isa = PBXContainerItemProxy;
			containerPortal = C0480D841A399F8D008E5C2F /* Project object */;
			proxyType = 1;
			remoteGlobalIDString = C0480D8B1A399F8E008E5C2F;
			remoteInfo = "Shopping Alert";
		};
/* End PBXContainerItemProxy section */

/* Begin PBXFileReference section */
		C0480D8C1A399F8E008E5C2F /* Shopping Alert.app */ = {isa = PBXFileReference; explicitFileType = wrapper.application; includeInIndex = 0; path = "Shopping Alert.app"; sourceTree = BUILT_PRODUCTS_DIR; };
		C0480D901A399F8E008E5C2F /* Info.plist */ = {isa = PBXFileReference; lastKnownFileType = text.plist.xml; path = Info.plist; sourceTree = "<group>"; };
		C0480D911A399F8E008E5C2F /* AppDelegate.swift */ = {isa = PBXFileReference; lastKnownFileType = sourcecode.swift; path = AppDelegate.swift; sourceTree = "<group>"; };
		C0480D931A399F8E008E5C2F /* ViewController.swift */ = {isa = PBXFileReference; lastKnownFileType = sourcecode.swift; path = ViewController.swift; sourceTree = "<group>"; };
		C0480D961A399F8E008E5C2F /* Base */ = {isa = PBXFileReference; lastKnownFileType = file.storyboard; name = Base; path = Base.lproj/Main.storyboard; sourceTree = "<group>"; };
		C0480D981A399F8E008E5C2F /* Images.xcassets */ = {isa = PBXFileReference; lastKnownFileType = folder.assetcatalog; path = Images.xcassets; sourceTree = "<group>"; };
		C0480D9B1A399F8E008E5C2F /* Base */ = {isa = PBXFileReference; lastKnownFileType = file.xib; name = Base; path = Base.lproj/LaunchScreen.xib; sourceTree = "<group>"; };
		C0480DA11A399F8E008E5C2F /* Shopping AlertTests.xctest */ = {isa = PBXFileReference; explicitFileType = wrapper.cfbundle; includeInIndex = 0; path = "Shopping AlertTests.xctest"; sourceTree = BUILT_PRODUCTS_DIR; };
		C0480DA61A399F8E008E5C2F /* Info.plist */ = {isa = PBXFileReference; lastKnownFileType = text.plist.xml; path = Info.plist; sourceTree = "<group>"; };
		C0480DA71A399F8E008E5C2F /* Shopping_AlertTests.swift */ = {isa = PBXFileReference; lastKnownFileType = sourcecode.swift; path = Shopping_AlertTests.swift; sourceTree = "<group>"; };
/* End PBXFileReference section */

/* Begin PBXFrameworksBuildPhase section */
		C0480D891A399F8E008E5C2F /* Frameworks */ = {
			isa = PBXFrameworksBuildPhase;
			buildActionMask = 2147483647;
			files = (
			);
			runOnlyForDeploymentPostprocessing = 0;
		};
		C0480D9E1A399F8E008E5C2F /* Frameworks */ = {
			isa = PBXFrameworksBuildPhase;
			buildActionMask = 2147483647;
			files = (
			);
			runOnlyForDeploymentPostprocessing = 0;
		};
/* End PBXFrameworksBuildPhase section */

/* Begin PBXGroup section */
		C0480D831A399F8D008E5C2F = {
			isa = PBXGroup;
			children = (
				C0480D8E1A399F8E008E5C2F /* Shopping Alert */,
				C0480DA41A399F8E008E5C2F /* Shopping AlertTests */,
				C0480D8D1A399F8E008E5C2F /* Products */,
			);
			sourceTree = "<group>";
		};
		C0480D8D1A399F8E008E5C2F /* Products */ = {
			isa = PBXGroup;
			children = (
				C0480D8C1A399F8E008E5C2F /* Shopping Alert.app */,
				C0480DA11A399F8E008E5C2F /* Shopping AlertTests.xctest */,
			);
			name = Products;
			sourceTree = "<group>";
		};
		C0480D8E1A399F8E008E5C2F /* Shopping Alert */ = {
			isa = PBXGroup;
			children = (
				C0480D911A399F8E008E5C2F /* AppDelegate.swift */,
				C0480D931A399F8E008E5C2F /* ViewController.swift */,
				C0480D951A399F8E008E5C2F /* Main.storyboard */,
				C0480D981A399F8E008E5C2F /* Images.xcassets */,
				C0480D9A1A399F8E008E5C2F /* LaunchScreen.xib */,
				C0480D8F1A399F8E008E5C2F /* Supporting Files */,
			);
			path = "Shopping Alert";
			sourceTree = "<group>";
		};
		C0480D8F1A399F8E008E5C2F /* Supporting Files */ = {
			isa = PBXGroup;
			children = (
				C0480D901A399F8E008E5C2F /* Info.plist */,
			);
			name = "Supporting Files";
			sourceTree = "<group>";
		};
		C0480DA41A399F8E008E5C2F /* Shopping AlertTests */ = {
			isa = PBXGroup;
			children = (
				C0480DA71A399F8E008E5C2F /* Shopping_AlertTests.swift */,
				C0480DA51A399F8E008E5C2F /* Supporting Files */,
			);
			path = "Shopping AlertTests";
			sourceTree = "<group>";
		};
		C0480DA51A399F8E008E5C2F /* Supporting Files */ = {
			isa = PBXGroup;
			children = (
				C0480DA61A399F8E008E5C2F /* Info.plist */,
			);
			name = "Supporting Files";
			sourceTree = "<group>";
		};
/* End PBXGroup section */

/* Begin PBXNativeTarget section */
		C0480D8B1A399F8E008E5C2F /* Shopping Alert */ = {
			isa = PBXNativeTarget;
			buildConfigurationList = C0480DAB1A399F8E008E5C2F /* Build configuration list for PBXNativeTarget "Shopping Alert" */;
			buildPhases = (
				C0480D881A399F8E008E5C2F /* Sources */,
				C0480D891A399F8E008E5C2F /* Frameworks */,
				C0480D8A1A399F8E008E5C2F /* Resources */,
			);
			buildRules = (
			);
			dependencies = (
			);
			name = "Shopping Alert";
			productName = "Shopping Alert";
			productReference = C0480D8C1A399F8E008E5C2F /* Shopping Alert.app */;
			productType = "com.apple.product-type.application";
		};
		C0480DA01A399F8E008E5C2F /* Shopping AlertTests */ = {
			isa = PBXNativeTarget;
			buildConfigurationList = C0480DAE1A399F8E008E5C2F /* Build configuration list for PBXNativeTarget "Shopping AlertTests" */;
			buildPhases = (
				C0480D9D1A399F8E008E5C2F /* Sources */,
				C0480D9E1A399F8E008E5C2F /* Frameworks */,
				C0480D9F1A399F8E008E5C2F /* Resources */,
			);
			buildRules = (
			);
			dependencies = (
				C0480DA31A399F8E008E5C2F /* PBXTargetDependency */,
			);
			name = "Shopping AlertTests";
			productName = "Shopping AlertTests";
			productReference = C0480DA11A399F8E008E5C2F /* Shopping AlertTests.xctest */;
			productType = "com.apple.product-type.bundle.unit-test";
		};
/* End PBXNativeTarget section */

/* Begin PBXProject section */
		C0480D841A399F8D008E5C2F /* Project object */ = {
			isa = PBXProject;
			attributes = {
				LastUpgradeCheck = 0610;
				ORGANIZATIONNAME = Appcoda;
				TargetAttributes = {
					C0480D8B1A399F8E008E5C2F = {
						CreatedOnToolsVersion = 6.1.1;
					};
					C0480DA01A399F8E008E5C2F = {
						CreatedOnToolsVersion = 6.1.1;
						TestTargetID = C0480D8B1A399F8E008E5C2F;
					};
				};
			};
			buildConfigurationList = C0480D871A399F8D008E5C2F /* Build configuration list for PBXProject "Shopping Alert" */;
			compatibilityVersion = "Xcode 3.2";
			developmentRegion = English;
			hasScannedForEncodings = 0;
			knownRegions = (
				en,
				Base,
			);
			mainGroup = C0480D831A399F8D008E5C2F;
			productRefGroup = C0480D8D1A399F8E008E5C2F /* Products */;
			projectDirPath = "";
			projectRoot = "";
			targets = (
				C0480D8B1A399F8E008E5C2F /* Shopping Alert */,
				C0480DA01A399F8E008E5C2F /* Shopping AlertTests */,
			);
		};
/* End PBXProject section */

/* Begin PBXResourcesBuildPhase section */
		C0480D8A1A399F8E008E5C2F /* Resources */ = {
			isa = PBXResourcesBuildPhase;
			buildActionMask = 2147483647;
			files = (
				C0480D971A399F8E008E5C2F /* Main.storyboard in Resources */,
				C0480D9C1A399F8E008E5C2F /* LaunchScreen.xib in Resources */,
				C0480D991A399F8E008E5C2F /* Images.xcassets in Resources */,
			);
			runOnlyForDeploymentPostprocessing = 0;
		};
		C0480D9F1A399F8E008E5C2F /* Resources */ = {
			isa = PBXResourcesBuildPhase;
			buildActionMask = 2147483647;
			files = (
			);
			runOnlyForDeploymentPostprocessing = 0;
		};
/* End PBXResourcesBuildPhase section */

/* Begin PBXSourcesBuildPhase section */
		C0480D881A399F8E008E5C2F /* Sources */ = {
			isa = PBXSourcesBuildPhase;
			buildActionMask = 2147483647;
			files = (
				C0480D941A399F8E008E5C2F /* ViewController.swift in Sources */,
				C0480D921A399F8E008E5C2F /* AppDelegate.swift in Sources */,
			);
			runOnlyForDeploymentPostprocessing = 0;
		};
		C0480D9D1A399F8E008E5C2F /* Sources */ = {
			isa = PBXSourcesBuildPhase;
			buildActionMask = 2147483647;
			files = (
				C0480DA81A399F8E008E5C2F /* Shopping_AlertTests.swift in Sources */,
			);
			runOnlyForDeploymentPostprocessing = 0;
		};
/* End PBXSourcesBuildPhase section */

/* Begin PBXTargetDependency section */
		C0480DA31A399F8E008E5C2F /* PBXTargetDependency */ = {
			isa = PBXTargetDependency;
			target = C0480D8B1A399F8E008E5C2F /* Shopping Alert */;
			targetProxy = C0480DA21A399F8E008E5C2F /* PBXContainerItemProxy */;
		};
/* End PBXTargetDependency section */

/* Begin PBXVariantGroup section */
		C0480D951A399F8E008E5C2F /* Main.storyboard */ = {
			isa = PBXVariantGroup;
			children = (
				C0480D961A399F8E008E5C2F /* Base */,
			);
			name = Main.storyboard;
			sourceTree = "<group>";
		};
		C0480D9A1A399F8E008E5C2F /* LaunchScreen.xib */ = {
			isa = PBXVariantGroup;
			children = (
				C0480D9B1A399F8E008E5C2F /* Base */,
			);
			name = LaunchScreen.xib;
			sourceTree = "<group>";
		};
/* End PBXVariantGroup section */

/* Begin XCBuildConfiguration section */
		C0480DA91A399F8E008E5C2F /* Debug */ = {
			isa = XCBuildConfiguration;
			buildSettings = {
				ALWAYS_SEARCH_USER_PATHS = NO;
				CLANG_CXX_LANGUAGE_STANDARD = "gnu++0x";
				CLANG_CXX_LIBRARY = "libc++";
				CLANG_ENABLE_MODULES = YES;
				CLANG_ENABLE_OBJC_ARC = YES;
				CLANG_WARN_BOOL_CONVERSION = YES;
				CLANG_WARN_CONSTANT_CONVERSION = YES;
				CLANG_WARN_DIRECT_OBJC_ISA_USAGE = YES_ERROR;
				CLANG_WARN_EMPTY_BODY = YES;
				CLANG_WARN_ENUM_CONVERSION = YES;
				CLANG_WARN_INT_CONVERSION = YES;
				CLANG_WARN_OBJC_ROOT_CLASS = YES_ERROR;
				CLANG_WARN_UNREACHABLE_CODE = YES;
				CLANG_WARN__DUPLICATE_METHOD_MATCH = YES;
				"CODE_SIGN_IDENTITY[sdk=iphoneos*]" = "iPhone Developer";
				COPY_PHASE_STRIP = NO;
				ENABLE_STRICT_OBJC_MSGSEND = YES;
				GCC_C_LANGUAGE_STANDARD = gnu99;
				GCC_DYNAMIC_NO_PIC = NO;
				GCC_OPTIMIZATION_LEVEL = 0;
				GCC_PREPROCESSOR_DEFINITIONS = (
					"DEBUG=1",
					"$(inherited)",
				);
				GCC_SYMBOLS_PRIVATE_EXTERN = NO;
				GCC_WARN_64_TO_32_BIT_CONVERSION = YES;
				GCC_WARN_ABOUT_RETURN_TYPE = YES_ERROR;
				GCC_WARN_UNDECLARED_SELECTOR = YES;
				GCC_WARN_UNINITIALIZED_AUTOS = YES_AGGRESSIVE;
				GCC_WARN_UNUSED_FUNCTION = YES;
				GCC_WARN_UNUSED_VARIABLE = YES;
				IPHONEOS_DEPLOYMENT_TARGET = 8.1;
				MTL_ENABLE_DEBUG_INFO = YES;
				ONLY_ACTIVE_ARCH = YES;
				SDKROOT = iphoneos;
				SWIFT_OPTIMIZATION_LEVEL = "-Onone";
			};
			name = Debug;
		};
		C0480DAA1A399F8E008E5C2F /* Release */ = {
			isa = XCBuildConfiguration;
			buildSettings = {
				ALWAYS_SEARCH_USER_PATHS = NO;
				CLANG_CXX_LANGUAGE_STANDARD = "gnu++0x";
				CLANG_CXX_LIBRARY = "libc++";
				CLANG_ENABLE_MODULES = YES;
				CLANG_ENABLE_OBJC_ARC = YES;
				CLANG_WARN_BOOL_CONVERSION = YES;
				CLANG_WARN_CONSTANT_CONVERSION = YES;
				CLANG_WARN_DIRECT_OBJC_ISA_USAGE = YES_ERROR;
				CLANG_WARN_EMPTY_BODY = YES;
				CLANG_WARN_ENUM_CONVERSION = YES;
				CLANG_WARN_INT_CONVERSION = YES;
				CLANG_WARN_OBJC_ROOT_CLASS = YES_ERROR;
				CLANG_WARN_UNREACHABLE_CODE = YES;
				CLANG_WARN__DUPLICATE_METHOD_MATCH = YES;
				"CODE_SIGN_IDENTITY[sdk=iphoneos*]" = "iPhone Developer";
				COPY_PHASE_STRIP = YES;
				ENABLE_NS_ASSERTIONS = NO;
				ENABLE_STRICT_OBJC_MSGSEND = YES;
				GCC_C_LANGUAGE_STANDARD = gnu99;
				GCC_WARN_64_TO_32_BIT_CONVERSION = YES;
				GCC_WARN_ABOUT_RETURN_TYPE = YES_ERROR;
				GCC_WARN_UNDECLARED_SELECTOR = YES;
				GCC_WARN_UNINITIALIZED_AUTOS = YES_AGGRESSIVE;
				GCC_WARN_UNUSED_FUNCTION = YES;
				GCC_WARN_UNUSED_VARIABLE = YES;
				IPHONEOS_DEPLOYMENT_TARGET = 8.1;
				MTL_ENABLE_DEBUG_INFO = NO;
				SDKROOT = iphoneos;
				VALIDATE_PRODUCT = YES;
			};
			name = Release;
		};
		C0480DAC1A399F8E008E5C2F /* Debug */ = {
			isa = XCBuildConfiguration;
			buildSettings = {
				ASSETCATALOG_COMPILER_APPICON_NAME = AppIcon;
				INFOPLIST_FILE = "Shopping Alert/Info.plist";
				LD_RUNPATH_SEARCH_PATHS = "$(inherited) @executable_path/Frameworks";
				PRODUCT_NAME = "$(TARGET_NAME)";
			};
			name = Debug;
		};
		C0480DAD1A399F8E008E5C2F /* Release */ = {
			isa = XCBuildConfiguration;
			buildSettings = {
				ASSETCATALOG_COMPILER_APPICON_NAME = AppIcon;
				INFOPLIST_FILE = "Shopping Alert/Info.plist";
				LD_RUNPATH_SEARCH_PATHS = "$(inherited) @executable_path/Frameworks";
				PRODUCT_NAME = "$(TARGET_NAME)";
			};
			name = Release;
		};
		C0480DAF1A399F8E008E5C2F /* Debug */ = {
			isa = XCBuildConfiguration;
			buildSettings = {
				BUNDLE_LOADER = "$(TEST_HOST)";
				FRAMEWORK_SEARCH_PATHS = (
					"$(SDKROOT)/Developer/Library/Frameworks",
					"$(inherited)",
				);
				GCC_PREPROCESSOR_DEFINITIONS = (
					"DEBUG=1",
					"$(inherited)",
				);
				INFOPLIST_FILE = "Shopping AlertTests/Info.plist";
				LD_RUNPATH_SEARCH_PATHS = "$(inherited) @executable_path/Frameworks @loader_path/Frameworks";
				PRODUCT_NAME = "$(TARGET_NAME)";
				TEST_HOST = "$(BUILT_PRODUCTS_DIR)/Shopping Alert.app/Shopping Alert";
			};
			name = Debug;
		};
		C0480DB01A399F8E008E5C2F /* Release */ = {
			isa = XCBuildConfiguration;
			buildSettings = {
				BUNDLE_LOADER = "$(TEST_HOST)";
				FRAMEWORK_SEARCH_PATHS = (
					"$(SDKROOT)/Developer/Library/Frameworks",
					"$(inherited)",
				);
				INFOPLIST_FILE = "Shopping AlertTests/Info.plist";
				LD_RUNPATH_SEARCH_PATHS = "$(inherited) @executable_path/Frameworks @loader_path/Frameworks";
				PRODUCT_NAME = "$(TARGET_NAME)";
				TEST_HOST = "$(BUILT_PRODUCTS_DIR)/Shopping Alert.app/Shopping Alert";
			};
			name = Release;
		};
/* End XCBuildConfiguration section */

/* Begin XCConfigurationList section */
		C0480D871A399F8D008E5C2F /* Build configuration list for PBXProject "Shopping Alert" */ = {
			isa = XCConfigurationList;
			buildConfigurations = (
				C0480DA91A399F8E008E5C2F /* Debug */,
				C0480DAA1A399F8E008E5C2F /* Release */,
			);
			defaultConfigurationIsVisible = 0;
			defaultConfigurationName = Release;
		};
		C0480DAB1A399F8E008E5C2F /* Build configuration list for PBXNativeTarget "Shopping Alert" */ = {
			isa = XCConfigurationList;
			buildConfigurations = (
				C0480DAC1A399F8E008E5C2F /* Debug */,
				C0480DAD1A399F8E008E5C2F /* Release */,
			);
			defaultConfigurationIsVisible = 0;
		};
		C0480DAE1A399F8E008E5C2F /* Build configuration list for PBXNativeTarget "Shopping AlertTests" */ = {
			isa = XCConfigurationList;
			buildConfigurations = (
				C0480DAF1A399F8E008E5C2F /* Debug */,
				C0480DB01A399F8E008E5C2F /* Release */,
			);
			defaultConfigurationIsVisible = 0;
		};
/* End XCConfigurationList section */
	};
	rootObject = C0480D841A399F8D008E5C2F /* Project object */;
}
